// !$*UTF8*$!
{
	archiveVersion = 1;
	classes = {
	};
	objectVersion = 46;
	objects = {

/* Begin PBXBuildFile section */
		D707B2291CD7E40100C54D28 /* UserInfoViewController.swift in Sources */ = {isa = PBXBuildFile; fileRef = D707B2281CD7E40100C54D28 /* UserInfoViewController.swift */; };
		D725DB611CDD246900FB4D2F /* DetailsViewController.swift in Sources */ = {isa = PBXBuildFile; fileRef = D725DB601CDD246900FB4D2F /* DetailsViewController.swift */; };
		D725DB631CDD255800FB4D2F /* DefaultDetails.swift in Sources */ = {isa = PBXBuildFile; fileRef = D725DB621CDD255800FB4D2F /* DefaultDetails.swift */; };
		D7684A4C1CD93649002CD36D /* OptionsViewController.swift in Sources */ = {isa = PBXBuildFile; fileRef = D7684A4B1CD93649002CD36D /* OptionsViewController.swift */; };
		D7ABAFB21CD7E06B00DBFD0C /* AppDelegate.swift in Sources */ = {isa = PBXBuildFile; fileRef = D7ABAFB11CD7E06B00DBFD0C /* AppDelegate.swift */; };
		D7ABAFB41CD7E06B00DBFD0C /* ViewController.swift in Sources */ = {isa = PBXBuildFile; fileRef = D7ABAFB31CD7E06B00DBFD0C /* ViewController.swift */; };
		D7ABAFB71CD7E06B00DBFD0C /* Main.storyboard in Resources */ = {isa = PBXBuildFile; fileRef = D7ABAFB51CD7E06B00DBFD0C /* Main.storyboard */; };
		D7ABAFB91CD7E06B00DBFD0C /* Assets.xcassets in Resources */ = {isa = PBXBuildFile; fileRef = D7ABAFB81CD7E06B00DBFD0C /* Assets.xcassets */; };
		D7ABAFBC1CD7E06B00DBFD0C /* LaunchScreen.storyboard in Resources */ = {isa = PBXBuildFile; fileRef = D7ABAFBA1CD7E06B00DBFD0C /* LaunchScreen.storyboard */; };
		D7ABAFC71CD7E06B00DBFD0C /* BudgettingFinalAppTests.swift in Sources */ = {isa = PBXBuildFile; fileRef = D7ABAFC61CD7E06B00DBFD0C /* BudgettingFinalAppTests.swift */; };
		D7ABAFD21CD7E06B00DBFD0C /* BudgettingFinalAppUITests.swift in Sources */ = {isa = PBXBuildFile; fileRef = D7ABAFD11CD7E06B00DBFD0C /* BudgettingFinalAppUITests.swift */; };
		D7ABAFE01CD7E4FF00DBFD0C /* HelpViewController.swift in Sources */ = {isa = PBXBuildFile; fileRef = D7ABAFDF1CD7E4FF00DBFD0C /* HelpViewController.swift */; };
/* End PBXBuildFile section */

/* Begin PBXContainerItemProxy section */
		D7ABAFC31CD7E06B00DBFD0C /* PBXContainerItemProxy */ = {
			isa = PBXContainerItemProxy;
			containerPortal = D7ABAFA61CD7E06B00DBFD0C /* Project object */;
			proxyType = 1;
			remoteGlobalIDString = D7ABAFAD1CD7E06B00DBFD0C;
			remoteInfo = BudgettingFinalApp;
		};
		D7ABAFCE1CD7E06B00DBFD0C /* PBXContainerItemProxy */ = {
			isa = PBXContainerItemProxy;
			containerPortal = D7ABAFA61CD7E06B00DBFD0C /* Project object */;
			proxyType = 1;
			remoteGlobalIDString = D7ABAFAD1CD7E06B00DBFD0C;
			remoteInfo = BudgettingFinalApp;
		};
/* End PBXContainerItemProxy section */

/* Begin PBXFileReference section */
		D707B2281CD7E40100C54D28 /* UserInfoViewController.swift */ = {isa = PBXFileReference; fileEncoding = 4; lastKnownFileType = sourcecode.swift; path = UserInfoViewController.swift; sourceTree = "<group>"; };
		D725DB601CDD246900FB4D2F /* DetailsViewController.swift */ = {isa = PBXFileReference; fileEncoding = 4; lastKnownFileType = sourcecode.swift; path = DetailsViewController.swift; sourceTree = "<group>"; };
		D725DB621CDD255800FB4D2F /* DefaultDetails.swift */ = {isa = PBXFileReference; fileEncoding = 4; lastKnownFileType = sourcecode.swift; path = DefaultDetails.swift; sourceTree = "<group>"; };
		D7684A4B1CD93649002CD36D /* OptionsViewController.swift */ = {isa = PBXFileReference; fileEncoding = 4; lastKnownFileType = sourcecode.swift; path = OptionsViewController.swift; sourceTree = "<group>"; };
		D7ABAFAE1CD7E06B00DBFD0C /* BudgettingFinalApp.app */ = {isa = PBXFileReference; explicitFileType = wrapper.application; includeInIndex = 0; path = BudgettingFinalApp.app; sourceTree = BUILT_PRODUCTS_DIR; };
		D7ABAFB11CD7E06B00DBFD0C /* AppDelegate.swift */ = {isa = PBXFileReference; lastKnownFileType = sourcecode.swift; path = AppDelegate.swift; sourceTree = "<group>"; };
		D7ABAFB31CD7E06B00DBFD0C /* ViewController.swift */ = {isa = PBXFileReference; lastKnownFileType = sourcecode.swift; path = ViewController.swift; sourceTree = "<group>"; };
		D7ABAFB61CD7E06B00DBFD0C /* Base */ = {isa = PBXFileReference; lastKnownFileType = file.storyboard; name = Base; path = Base.lproj/Main.storyboard; sourceTree = "<group>"; };
		D7ABAFB81CD7E06B00DBFD0C /* Assets.xcassets */ = {isa = PBXFileReference; lastKnownFileType = folder.assetcatalog; path = Assets.xcassets; sourceTree = "<group>"; };
		D7ABAFBB1CD7E06B00DBFD0C /* Base */ = {isa = PBXFileReference; lastKnownFileType = file.storyboard; name = Base; path = Base.lproj/LaunchScreen.storyboard; sourceTree = "<group>"; };
		D7ABAFBD1CD7E06B00DBFD0C /* Info.plist */ = {isa = PBXFileReference; lastKnownFileType = text.plist.xml; path = Info.plist; sourceTree = "<group>"; };
		D7ABAFC21CD7E06B00DBFD0C /* BudgettingFinalAppTests.xctest */ = {isa = PBXFileReference; explicitFileType = wrapper.cfbundle; includeInIndex = 0; path = BudgettingFinalAppTests.xctest; sourceTree = BUILT_PRODUCTS_DIR; };
		D7ABAFC61CD7E06B00DBFD0C /* BudgettingFinalAppTests.swift */ = {isa = PBXFileReference; lastKnownFileType = sourcecode.swift; path = BudgettingFinalAppTests.swift; sourceTree = "<group>"; };
		D7ABAFC81CD7E06B00DBFD0C /* Info.plist */ = {isa = PBXFileReference; lastKnownFileType = text.plist.xml; path = Info.plist; sourceTree = "<group>"; };
		D7ABAFCD1CD7E06B00DBFD0C /* BudgettingFinalAppUITests.xctest */ = {isa = PBXFileReference; explicitFileType = wrapper.cfbundle; includeInIndex = 0; path = BudgettingFinalAppUITests.xctest; sourceTree = BUILT_PRODUCTS_DIR; };
		D7ABAFD11CD7E06B00DBFD0C /* BudgettingFinalAppUITests.swift */ = {isa = PBXFileReference; lastKnownFileType = sourcecode.swift; path = BudgettingFinalAppUITests.swift; sourceTree = "<group>"; };
		D7ABAFD31CD7E06B00DBFD0C /* Info.plist */ = {isa = PBXFileReference; lastKnownFileType = text.plist.xml; path = Info.plist; sourceTree = "<group>"; };
		D7ABAFDF1CD7E4FF00DBFD0C /* HelpViewController.swift */ = {isa = PBXFileReference; fileEncoding = 4; lastKnownFileType = sourcecode.swift; path = HelpViewController.swift; sourceTree = "<group>"; };
/* End PBXFileReference section */

/* Begin PBXFrameworksBuildPhase section */
		D7ABAFAB1CD7E06B00DBFD0C /* Frameworks */ = {
			isa = PBXFrameworksBuildPhase;
			buildActionMask = 2147483647;
			files = (
			);
			runOnlyForDeploymentPostprocessing = 0;
		};
		D7ABAFBF1CD7E06B00DBFD0C /* Frameworks */ = {
			isa = PBXFrameworksBuildPhase;
			buildActionMask = 2147483647;
			files = (
			);
			runOnlyForDeploymentPostprocessing = 0;
		};
		D7ABAFCA1CD7E06B00DBFD0C /* Frameworks */ = {
			isa = PBXFrameworksBuildPhase;
			buildActionMask = 2147483647;
			files = (
			);
			runOnlyForDeploymentPostprocessing = 0;
		};
/* End PBXFrameworksBuildPhase section */

/* Begin PBXGroup section */
		D7ABAFA51CD7E06B00DBFD0C = {
			isa = PBXGroup;
			children = (
				D7ABAFB01CD7E06B00DBFD0C /* BudgettingFinalApp */,
				D7ABAFC51CD7E06B00DBFD0C /* BudgettingFinalAppTests */,
				D7ABAFD01CD7E06B00DBFD0C /* BudgettingFinalAppUITests */,
				D7ABAFAF1CD7E06B00DBFD0C /* Products */,
			);
			sourceTree = "<group>";
		};
		D7ABAFAF1CD7E06B00DBFD0C /* Products */ = {
			isa = PBXGroup;
			children = (
				D7ABAFAE1CD7E06B00DBFD0C /* BudgettingFinalApp.app */,
				D7ABAFC21CD7E06B00DBFD0C /* BudgettingFinalAppTests.xctest */,
				D7ABAFCD1CD7E06B00DBFD0C /* BudgettingFinalAppUITests.xctest */,
			);
			name = Products;
			sourceTree = "<group>";
		};
		D7ABAFB01CD7E06B00DBFD0C /* BudgettingFinalApp */ = {
			isa = PBXGroup;
			children = (
				D7ABAFB11CD7E06B00DBFD0C /* AppDelegate.swift */,
				D7ABAFB31CD7E06B00DBFD0C /* ViewController.swift */,
				D7ABAFDF1CD7E4FF00DBFD0C /* HelpViewController.swift */,
				D707B2281CD7E40100C54D28 /* UserInfoViewController.swift */,
				D7684A4B1CD93649002CD36D /* OptionsViewController.swift */,
				D725DB601CDD246900FB4D2F /* DetailsViewController.swift */,
				D725DB621CDD255800FB4D2F /* DefaultDetails.swift */,
				D7ABAFB51CD7E06B00DBFD0C /* Main.storyboard */,
				D7ABAFB81CD7E06B00DBFD0C /* Assets.xcassets */,
				D7ABAFBA1CD7E06B00DBFD0C /* LaunchScreen.storyboard */,
				D7ABAFBD1CD7E06B00DBFD0C /* Info.plist */,
			);
			path = BudgettingFinalApp;
			sourceTree = "<group>";
		};
		D7ABAFC51CD7E06B00DBFD0C /* BudgettingFinalAppTests */ = {
			isa = PBXGroup;
			children = (
				D7ABAFC61CD7E06B00DBFD0C /* BudgettingFinalAppTests.swift */,
				D7ABAFC81CD7E06B00DBFD0C /* Info.plist */,
			);
			path = BudgettingFinalAppTests;
			sourceTree = "<group>";
		};
		D7ABAFD01CD7E06B00DBFD0C /* BudgettingFinalAppUITests */ = {
			isa = PBXGroup;
			children = (
				D7ABAFD11CD7E06B00DBFD0C /* BudgettingFinalAppUITests.swift */,
				D7ABAFD31CD7E06B00DBFD0C /* Info.plist */,
			);
			path = BudgettingFinalAppUITests;
			sourceTree = "<group>";
		};
/* End PBXGroup section */

/* Begin PBXNativeTarget section */
		D7ABAFAD1CD7E06B00DBFD0C /* BudgettingFinalApp */ = {
			isa = PBXNativeTarget;
			buildConfigurationList = D7ABAFD61CD7E06B00DBFD0C /* Build configuration list for PBXNativeTarget "BudgettingFinalApp" */;
			buildPhases = (
				D7ABAFAA1CD7E06B00DBFD0C /* Sources */,
				D7ABAFAB1CD7E06B00DBFD0C /* Frameworks */,
				D7ABAFAC1CD7E06B00DBFD0C /* Resources */,
			);
			buildRules = (
			);
			dependencies = (
			);
			name = BudgettingFinalApp;
			productName = BudgettingFinalApp;
			productReference = D7ABAFAE1CD7E06B00DBFD0C /* BudgettingFinalApp.app */;
			productType = "com.apple.product-type.application";
		};
		D7ABAFC11CD7E06B00DBFD0C /* BudgettingFinalAppTests */ = {
			isa = PBXNativeTarget;
			buildConfigurationList = D7ABAFD91CD7E06B00DBFD0C /* Build configuration list for PBXNativeTarget "BudgettingFinalAppTests" */;
			buildPhases = (
				D7ABAFBE1CD7E06B00DBFD0C /* Sources */,
				D7ABAFBF1CD7E06B00DBFD0C /* Frameworks */,
				D7ABAFC01CD7E06B00DBFD0C /* Resources */,
			);
			buildRules = (
			);
			dependencies = (
				D7ABAFC41CD7E06B00DBFD0C /* PBXTargetDependency */,
			);
			name = BudgettingFinalAppTests;
			productName = BudgettingFinalAppTests;
			productReference = D7ABAFC21CD7E06B00DBFD0C /* BudgettingFinalAppTests.xctest */;
			productType = "com.apple.product-type.bundle.unit-test";
		};
		D7ABAFCC1CD7E06B00DBFD0C /* BudgettingFinalAppUITests */ = {
			isa = PBXNativeTarget;
			buildConfigurationList = D7ABAFDC1CD7E06B00DBFD0C /* Build configuration list for PBXNativeTarget "BudgettingFinalAppUITests" */;
			buildPhases = (
				D7ABAFC91CD7E06B00DBFD0C /* Sources */,
				D7ABAFCA1CD7E06B00DBFD0C /* Frameworks */,
				D7ABAFCB1CD7E06B00DBFD0C /* Resources */,
			);
			buildRules = (
			);
			dependencies = (
				D7ABAFCF1CD7E06B00DBFD0C /* PBXTargetDependency */,
			);
			name = BudgettingFinalAppUITests;
			productName = BudgettingFinalAppUITests;
			productReference = D7ABAFCD1CD7E06B00DBFD0C /* BudgettingFinalAppUITests.xctest */;
			productType = "com.apple.product-type.bundle.ui-testing";
		};
/* End PBXNativeTarget section */

/* Begin PBXProject section */
		D7ABAFA61CD7E06B00DBFD0C /* Project object */ = {
			isa = PBXProject;
			attributes = {
				LastSwiftUpdateCheck = 0730;
				LastUpgradeCheck = 0730;
				ORGANIZATIONNAME = JohnHerseyHighSchool;
				TargetAttributes = {
					D7ABAFAD1CD7E06B00DBFD0C = {
						CreatedOnToolsVersion = 7.3;
					};
					D7ABAFC11CD7E06B00DBFD0C = {
						CreatedOnToolsVersion = 7.3;
						TestTargetID = D7ABAFAD1CD7E06B00DBFD0C;
					};
					D7ABAFCC1CD7E06B00DBFD0C = {
						CreatedOnToolsVersion = 7.3;
						TestTargetID = D7ABAFAD1CD7E06B00DBFD0C;
					};
				};
			};
			buildConfigurationList = D7ABAFA91CD7E06B00DBFD0C /* Build configuration list for PBXProject "BudgettingFinalApp" */;
			compatibilityVersion = "Xcode 3.2";
			developmentRegion = English;
			hasScannedForEncodings = 0;
			knownRegions = (
				en,
				Base,
			);
			mainGroup = D7ABAFA51CD7E06B00DBFD0C;
			productRefGroup = D7ABAFAF1CD7E06B00DBFD0C /* Products */;
			projectDirPath = "";
			projectRoot = "";
			targets = (
				D7ABAFAD1CD7E06B00DBFD0C /* BudgettingFinalApp */,
				D7ABAFC11CD7E06B00DBFD0C /* BudgettingFinalAppTests */,
				D7ABAFCC1CD7E06B00DBFD0C /* BudgettingFinalAppUITests */,
			);
		};
/* End PBXProject section */

/* Begin PBXResourcesBuildPhase section */
		D7ABAFAC1CD7E06B00DBFD0C /* Resources */ = {
			isa = PBXResourcesBuildPhase;
			buildActionMask = 2147483647;
			files = (
				D7ABAFBC1CD7E06B00DBFD0C /* LaunchScreen.storyboard in Resources */,
				D7ABAFB91CD7E06B00DBFD0C /* Assets.xcassets in Resources */,
				D7ABAFB71CD7E06B00DBFD0C /* Main.storyboard in Resources */,
			);
			runOnlyForDeploymentPostprocessing = 0;
		};
		D7ABAFC01CD7E06B00DBFD0C /* Resources */ = {
			isa = PBXResourcesBuildPhase;
			buildActionMask = 2147483647;
			files = (
			);
			runOnlyForDeploymentPostprocessing = 0;
		};
		D7ABAFCB1CD7E06B00DBFD0C /* Resources */ = {
			isa = PBXResourcesBuildPhase;
			buildActionMask = 2147483647;
			files = (
			);
			runOnlyForDeploymentPostprocessing = 0;
		};
/* End PBXResourcesBuildPhase section */

/* Begin PBXSourcesBuildPhase section */
		D7ABAFAA1CD7E06B00DBFD0C /* Sources */ = {
			isa = PBXSourcesBuildPhase;
			buildActionMask = 2147483647;
			files = (
				D7ABAFB41CD7E06B00DBFD0C /* ViewController.swift in Sources */,
				D725DB631CDD255800FB4D2F /* DefaultDetails.swift in Sources */,
				D707B2291CD7E40100C54D28 /* UserInfoViewController.swift in Sources */,
				D7ABAFB21CD7E06B00DBFD0C /* AppDelegate.swift in Sources */,
				D7ABAFE01CD7E4FF00DBFD0C /* HelpViewController.swift in Sources */,
				D7684A4C1CD93649002CD36D /* OptionsViewController.swift in Sources */,
				D725DB611CDD246900FB4D2F /* DetailsViewController.swift in Sources */,
			);
			runOnlyForDeploymentPostprocessing = 0;
		};
		D7ABAFBE1CD7E06B00DBFD0C /* Sources */ = {
			isa = PBXSourcesBuildPhase;
			buildActionMask = 2147483647;
			files = (
				D7ABAFC71CD7E06B00DBFD0C /* BudgettingFinalAppTests.swift in Sources */,
			);
			runOnlyForDeploymentPostprocessing = 0;
		};
		D7ABAFC91CD7E06B00DBFD0C /* Sources */ = {
			isa = PBXSourcesBuildPhase;
			buildActionMask = 2147483647;
			files = (
				D7ABAFD21CD7E06B00DBFD0C /* BudgettingFinalAppUITests.swift in Sources */,
			);
			runOnlyForDeploymentPostprocessing = 0;
		};
/* End PBXSourcesBuildPhase section */

/* Begin PBXTargetDependency section */
		D7ABAFC41CD7E06B00DBFD0C /* PBXTargetDependency */ = {
			isa = PBXTargetDependency;
			target = D7ABAFAD1CD7E06B00DBFD0C /* BudgettingFinalApp */;
			targetProxy = D7ABAFC31CD7E06B00DBFD0C /* PBXContainerItemProxy */;
		};
		D7ABAFCF1CD7E06B00DBFD0C /* PBXTargetDependency */ = {
			isa = PBXTargetDependency;
			target = D7ABAFAD1CD7E06B00DBFD0C /* BudgettingFinalApp */;
			targetProxy = D7ABAFCE1CD7E06B00DBFD0C /* PBXContainerItemProxy */;
		};
/* End PBXTargetDependency section */

/* Begin PBXVariantGroup section */
		D7ABAFB51CD7E06B00DBFD0C /* Main.storyboard */ = {
			isa = PBXVariantGroup;
			children = (
				D7ABAFB61CD7E06B00DBFD0C /* Base */,
			);
			name = Main.storyboard;
			sourceTree = "<group>";
		};
		D7ABAFBA1CD7E06B00DBFD0C /* LaunchScreen.storyboard */ = {
			isa = PBXVariantGroup;
			children = (
				D7ABAFBB1CD7E06B00DBFD0C /* Base */,
			);
			name = LaunchScreen.storyboard;
			sourceTree = "<group>";
		};
/* End PBXVariantGroup section */

/* Begin XCBuildConfiguration section */
		D7ABAFD41CD7E06B00DBFD0C /* Debug */ = {
			isa = XCBuildConfiguration;
			buildSettings = {
				ALWAYS_SEARCH_USER_PATHS = NO;
				CLANG_ANALYZER_NONNULL = YES;
				CLANG_CXX_LANGUAGE_STANDARD = "gnu++0x";
				CLANG_CXX_LIBRARY = "libc++";
				CLANG_ENABLE_MODULES = YES;
				CLANG_ENABLE_OBJC_ARC = YES;
				CLANG_WARN_BOOL_CONVERSION = YES;
				CLANG_WARN_CONSTANT_CONVERSION = YES;
				CLANG_WARN_DIRECT_OBJC_ISA_USAGE = YES_ERROR;
				CLANG_WARN_EMPTY_BODY = YES;
				CLANG_WARN_ENUM_CONVERSION = YES;
				CLANG_WARN_INT_CONVERSION = YES;
				CLANG_WARN_OBJC_ROOT_CLASS = YES_ERROR;
				CLANG_WARN_UNREACHABLE_CODE = YES;
				CLANG_WARN__DUPLICATE_METHOD_MATCH = YES;
				"CODE_SIGN_IDENTITY[sdk=iphoneos*]" = "iPhone Developer";
				COPY_PHASE_STRIP = NO;
				DEBUG_INFORMATION_FORMAT = dwarf;
				ENABLE_STRICT_OBJC_MSGSEND = YES;
				ENABLE_TESTABILITY = YES;
				GCC_C_LANGUAGE_STANDARD = gnu99;
				GCC_DYNAMIC_NO_PIC = NO;
				GCC_NO_COMMON_BLOCKS = YES;
				GCC_OPTIMIZATION_LEVEL = 0;
				GCC_PREPROCESSOR_DEFINITIONS = (
					"DEBUG=1",
					"$(inherited)",
				);
				GCC_WARN_64_TO_32_BIT_CONVERSION = YES;
				GCC_WARN_ABOUT_RETURN_TYPE = YES_ERROR;
				GCC_WARN_UNDECLARED_SELECTOR = YES;
				GCC_WARN_UNINITIALIZED_AUTOS = YES_AGGRESSIVE;
				GCC_WARN_UNUSED_FUNCTION = YES;
				GCC_WARN_UNUSED_VARIABLE = YES;
				IPHONEOS_DEPLOYMENT_TARGET = 9.3;
				MTL_ENABLE_DEBUG_INFO = YES;
				ONLY_ACTIVE_ARCH = YES;
				SDKROOT = iphoneos;
				SWIFT_OPTIMIZATION_LEVEL = "-Onone";
				TARGETED_DEVICE_FAMILY = "1,2";
			};
			name = Debug;
		};
		D7ABAFD51CD7E06B00DBFD0C /* Release */ = {
			isa = XCBuildConfiguration;
			buildSettings = {
				ALWAYS_SEARCH_USER_PATHS = NO;
				CLANG_ANALYZER_NONNULL = YES;
				CLANG_CXX_LANGUAGE_STANDARD = "gnu++0x";
				CLANG_CXX_LIBRARY = "libc++";
				CLANG_ENABLE_MODULES = YES;
				CLANG_ENABLE_OBJC_ARC = YES;
				CLANG_WARN_BOOL_CONVERSION = YES;
				CLANG_WARN_CONSTANT_CONVERSION = YES;
				CLANG_WARN_DIRECT_OBJC_ISA_USAGE = YES_ERROR;
				CLANG_WARN_EMPTY_BODY = YES;
				CLANG_WARN_ENUM_CONVERSION = YES;
				CLANG_WARN_INT_CONVERSION = YES;
				CLANG_WARN_OBJC_ROOT_CLASS = YES_ERROR;
				CLANG_WARN_UNREACHABLE_CODE = YES;
				CLANG_WARN__DUPLICATE_METHOD_MATCH = YES;
				"CODE_SIGN_IDENTITY[sdk=iphoneos*]" = "iPhone Developer";
				COPY_PHASE_STRIP = NO;
				DEBUG_INFORMATION_FORMAT = "dwarf-with-dsym";
				ENABLE_NS_ASSERTIONS = NO;
				ENABLE_STRICT_OBJC_MSGSEND = YES;
				GCC_C_LANGUAGE_STANDARD = gnu99;
				GCC_NO_COMMON_BLOCKS = YES;
				GCC_WARN_64_TO_32_BIT_CONVERSION = YES;
				GCC_WARN_ABOUT_RETURN_TYPE = YES_ERROR;
				GCC_WARN_UNDECLARED_SELECTOR = YES;
				GCC_WARN_UNINITIALIZED_AUTOS = YES_AGGRESSIVE;
				GCC_WARN_UNUSED_FUNCTION = YES;
				GCC_WARN_UNUSED_VARIABLE = YES;
				IPHONEOS_DEPLOYMENT_TARGET = 9.3;
				MTL_ENABLE_DEBUG_INFO = NO;
				SDKROOT = iphoneos;
				TARGETED_DEVICE_FAMILY = "1,2";
				VALIDATE_PRODUCT = YES;
			};
			name = Release;
		};
		D7ABAFD71CD7E06B00DBFD0C /* Debug */ = {
			isa = XCBuildConfiguration;
			buildSettings = {
				ASSETCATALOG_COMPILER_APPICON_NAME = AppIcon;
				INFOPLIST_FILE = BudgettingFinalApp/Info.plist;
				LD_RUNPATH_SEARCH_PATHS = "$(inherited) @executable_path/Frameworks";
				PRODUCT_BUNDLE_IDENTIFIER = JHHS.BudgettingFinalApp;
				PRODUCT_NAME = "$(TARGET_NAME)";
			};
			name = Debug;
		};
		D7ABAFD81CD7E06B00DBFD0C /* Release */ = {
			isa = XCBuildConfiguration;
			buildSettings = {
				ASSETCATALOG_COMPILER_APPICON_NAME = AppIcon;
				INFOPLIST_FILE = BudgettingFinalApp/Info.plist;
				LD_RUNPATH_SEARCH_PATHS = "$(inherited) @executable_path/Frameworks";
				PRODUCT_BUNDLE_IDENTIFIER = JHHS.BudgettingFinalApp;
				PRODUCT_NAME = "$(TARGET_NAME)";
			};
			name = Release;
		};
		D7ABAFDA1CD7E06B00DBFD0C /* Debug */ = {
			isa = XCBuildConfiguration;
			buildSettings = {
				BUNDLE_LOADER = "$(TEST_HOST)";
				INFOPLIST_FILE = BudgettingFinalAppTests/Info.plist;
				LD_RUNPATH_SEARCH_PATHS = "$(inherited) @executable_path/Frameworks @loader_path/Frameworks";
				PRODUCT_BUNDLE_IDENTIFIER = JHHS.BudgettingFinalAppTests;
				PRODUCT_NAME = "$(TARGET_NAME)";
				TEST_HOST = "$(BUILT_PRODUCTS_DIR)/BudgettingFinalApp.app/BudgettingFinalApp";
			};
			name = Debug;
		};
		D7ABAFDB1CD7E06B00DBFD0C /* Release */ = {
			isa = XCBuildConfiguration;
			buildSettings = {
				BUNDLE_LOADER = "$(TEST_HOST)";
				INFOPLIST_FILE = BudgettingFinalAppTests/Info.plist;
				LD_RUNPATH_SEARCH_PATHS = "$(inherited) @executable_path/Frameworks @loader_path/Frameworks";
				PRODUCT_BUNDLE_IDENTIFIER = JHHS.BudgettingFinalAppTests;
				PRODUCT_NAME = "$(TARGET_NAME)";
				TEST_HOST = "$(BUILT_PRODUCTS_DIR)/BudgettingFinalApp.app/BudgettingFinalApp";
			};
			name = Release;
		};
		D7ABAFDD1CD7E06B00DBFD0C /* Debug */ = {
			isa = XCBuildConfiguration;
			buildSettings = {
				INFOPLIST_FILE = BudgettingFinalAppUITests/Info.plist;
				LD_RUNPATH_SEARCH_PATHS = "$(inherited) @executable_path/Frameworks @loader_path/Frameworks";
				PRODUCT_BUNDLE_IDENTIFIER = JHHS.BudgettingFinalAppUITests;
				PRODUCT_NAME = "$(TARGET_NAME)";
				TEST_TARGET_NAME = BudgettingFinalApp;
			};
			name = Debug;
		};
		D7ABAFDE1CD7E06B00DBFD0C /* Release */ = {
			isa = XCBuildConfiguration;
			buildSettings = {
				INFOPLIST_FILE = BudgettingFinalAppUITests/Info.plist;
				LD_RUNPATH_SEARCH_PATHS = "$(inherited) @executable_path/Frameworks @loader_path/Frameworks";
				PRODUCT_BUNDLE_IDENTIFIER = JHHS.BudgettingFinalAppUITests;
				PRODUCT_NAME = "$(TARGET_NAME)";
				TEST_TARGET_NAME = BudgettingFinalApp;
			};
			name = Release;
		};
/* End XCBuildConfiguration section */

/* Begin XCConfigurationList section */
		D7ABAFA91CD7E06B00DBFD0C /* Build configuration list for PBXProject "BudgettingFinalApp" */ = {
			isa = XCConfigurationList;
			buildConfigurations = (
				D7ABAFD41CD7E06B00DBFD0C /* Debug */,
				D7ABAFD51CD7E06B00DBFD0C /* Release */,
			);
			defaultConfigurationIsVisible = 0;
			defaultConfigurationName = Release;
		};
		D7ABAFD61CD7E06B00DBFD0C /* Build configuration list for PBXNativeTarget "BudgettingFinalApp" */ = {
			isa = XCConfigurationList;
			buildConfigurations = (
				D7ABAFD71CD7E06B00DBFD0C /* Debug */,
				D7ABAFD81CD7E06B00DBFD0C /* Release */,
			);
			defaultConfigurationIsVisible = 0;
			defaultConfigurationName = Release;
		};
		D7ABAFD91CD7E06B00DBFD0C /* Build configuration list for PBXNativeTarget "BudgettingFinalAppTests" */ = {
			isa = XCConfigurationList;
			buildConfigurations = (
				D7ABAFDA1CD7E06B00DBFD0C /* Debug */,
				D7ABAFDB1CD7E06B00DBFD0C /* Release */,
			);
			defaultConfigurationIsVisible = 0;
			defaultConfigurationName = Release;
		};
		D7ABAFDC1CD7E06B00DBFD0C /* Build configuration list for PBXNativeTarget "BudgettingFinalAppUITests" */ = {
			isa = XCConfigurationList;
			buildConfigurations = (
				D7ABAFDD1CD7E06B00DBFD0C /* Debug */,
				D7ABAFDE1CD7E06B00DBFD0C /* Release */,
			);
			defaultConfigurationIsVisible = 0;
			defaultConfigurationName = Release;
		};
/* End XCConfigurationList section */
	};
	rootObject = D7ABAFA61CD7E06B00DBFD0C /* Project object */;
}
